
Microsoft Visual Studio Solution File, Format Version 12.00
# Visual Studio Version 16
VisualStudioVersion = 16.0.30523.141
MinimumVisualStudioVersion = 10.0.40219.1
Project("{FAE04EC0-301F-11D3-BF4B-00C04F79EFBC}") = "konyvtar", "konyvtar.csproj", "{B1E88F04-9EAC-46C4-BDD4-049F386843DA}"
EndProject
Global
	GlobalSection(SolutionConfigurationPlatforms) = preSolution
		Debug|Any CPU = Debug|Any CPU
		Release|Any CPU = Release|Any CPU
	EndGlobalSection
	GlobalSection(ProjectConfigurationPlatforms) = postSolution
		{B1E88F04-9EAC-46C4-BDD4-049F386843DA}.Debug|Any CPU.ActiveCfg = Debug|Any CPU
		{B1E88F04-9EAC-46C4-BDD4-049F386843DA}.Debug|Any CPU.Build.0 = Debug|Any CPU
		{B1E88F04-9EAC-46C4-BDD4-049F386843DA}.Release|Any CPU.ActiveCfg = Release|Any CPU
		{B1E88F04-9EAC-46C4-BDD4-049F386843DA}.Release|Any CPU.Build.0 = Release|Any CPU
	EndGlobalSection
	GlobalSection(SolutionProperties) = preSolution
		HideSolutionNode = FALSE
	EndGlobalSection
	GlobalSection(ExtensibilityGlobals) = postSolution
		SolutionGuid = {CA615DFD-9906-47BD-828B-581E18FF0604}
	EndGlobalSection
EndGlobal
